
Microsoft Visual Studio Solution File, Format Version 12.00
# Visual Studio 15
VisualStudioVersion = 15.0.28010.2046
MinimumVisualStudioVersion = 10.0.40219.1
Project("{FAE04EC0-301F-11D3-BF4B-00C04F79EFBC}") = "Setup.Api", "Setup.Api\Setup.Api.csproj", "{0B2D2568-CC2C-4EF0-AA5B-9F02F557223B}"
EndProject
Project("{2150E333-8FDC-42A3-9474-1A3956D46DE8}") = ".test-projects", ".test-projects", "{8AB98CD5-4C60-4EBF-AF53-AC42D70E7A60}"
EndProject
Project("{FAE04EC0-301F-11D3-BF4B-00C04F79EFBC}") = "Test.Core", "Test.Core\Test.Core.csproj", "{4300FE33-45F1-4799-920B-354194E398A9}"
EndProject
Project("{FAE04EC0-301F-11D3-BF4B-00C04F79EFBC}") = "Setup.Api.Tests", "Setup.Api.Tests\Setup.Api.Tests.csproj", "{878E4A32-3126-43C6-A69E-E240BCDE529E}"
EndProject
Project("{FAE04EC0-301F-11D3-BF4B-00C04F79EFBC}") = "Setup.Identity", "Setup.Identity\Setup.Identity.csproj", "{96955CEA-AC61-4FB6-95C9-0CA4AC622071}"
EndProject
Project("{FAE04EC0-301F-11D3-BF4B-00C04F79EFBC}") = "Setup.Identity.Tests", "Setup.Identity.Tests\Setup.Identity.Tests.csproj", "{04D12D50-5991-4962-9E1E-991A3C33FEA4}"
EndProject
Global
	GlobalSection(SolutionConfigurationPlatforms) = preSolution
		Debug|Any CPU = Debug|Any CPU
		Release|Any CPU = Release|Any CPU
	EndGlobalSection
	GlobalSection(ProjectConfigurationPlatforms) = postSolution
		{0B2D2568-CC2C-4EF0-AA5B-9F02F557223B}.Debug|Any CPU.ActiveCfg = Debug|Any CPU
		{0B2D2568-CC2C-4EF0-AA5B-9F02F557223B}.Debug|Any CPU.Build.0 = Debug|Any CPU
		{0B2D2568-CC2C-4EF0-AA5B-9F02F557223B}.Release|Any CPU.ActiveCfg = Release|Any CPU
		{0B2D2568-CC2C-4EF0-AA5B-9F02F557223B}.Release|Any CPU.Build.0 = Release|Any CPU
		{4300FE33-45F1-4799-920B-354194E398A9}.Debug|Any CPU.ActiveCfg = Debug|Any CPU
		{4300FE33-45F1-4799-920B-354194E398A9}.Debug|Any CPU.Build.0 = Debug|Any CPU
		{4300FE33-45F1-4799-920B-354194E398A9}.Release|Any CPU.ActiveCfg = Release|Any CPU
		{4300FE33-45F1-4799-920B-354194E398A9}.Release|Any CPU.Build.0 = Release|Any CPU
		{878E4A32-3126-43C6-A69E-E240BCDE529E}.Debug|Any CPU.ActiveCfg = Debug|Any CPU
		{878E4A32-3126-43C6-A69E-E240BCDE529E}.Debug|Any CPU.Build.0 = Debug|Any CPU
		{878E4A32-3126-43C6-A69E-E240BCDE529E}.Release|Any CPU.ActiveCfg = Release|Any CPU
		{878E4A32-3126-43C6-A69E-E240BCDE529E}.Release|Any CPU.Build.0 = Release|Any CPU
		{96955CEA-AC61-4FB6-95C9-0CA4AC622071}.Debug|Any CPU.ActiveCfg = Debug|Any CPU
		{96955CEA-AC61-4FB6-95C9-0CA4AC622071}.Debug|Any CPU.Build.0 = Debug|Any CPU
		{96955CEA-AC61-4FB6-95C9-0CA4AC622071}.Release|Any CPU.ActiveCfg = Release|Any CPU
		{96955CEA-AC61-4FB6-95C9-0CA4AC622071}.Release|Any CPU.Build.0 = Release|Any CPU
		{04D12D50-5991-4962-9E1E-991A3C33FEA4}.Debug|Any CPU.ActiveCfg = Debug|Any CPU
		{04D12D50-5991-4962-9E1E-991A3C33FEA4}.Debug|Any CPU.Build.0 = Debug|Any CPU
		{04D12D50-5991-4962-9E1E-991A3C33FEA4}.Release|Any CPU.ActiveCfg = Release|Any CPU
		{04D12D50-5991-4962-9E1E-991A3C33FEA4}.Release|Any CPU.Build.0 = Release|Any CPU
	EndGlobalSection
	GlobalSection(SolutionProperties) = preSolution
		HideSolutionNode = FALSE
	EndGlobalSection
	GlobalSection(NestedProjects) = preSolution
		{4300FE33-45F1-4799-920B-354194E398A9} = {8AB98CD5-4C60-4EBF-AF53-AC42D70E7A60}
		{878E4A32-3126-43C6-A69E-E240BCDE529E} = {8AB98CD5-4C60-4EBF-AF53-AC42D70E7A60}
		{04D12D50-5991-4962-9E1E-991A3C33FEA4} = {8AB98CD5-4C60-4EBF-AF53-AC42D70E7A60}
	EndGlobalSection
	GlobalSection(ExtensibilityGlobals) = postSolution
		SolutionGuid = {2008DB5C-D851-47DB-9DA5-2A054ACA3188}
	EndGlobalSection
EndGlobal
